// !$*UTF8*$!
{
	archiveVersion = 1;
	classes = {
	};
	objectVersion = 56;
	objects = {

/* Begin PBXBuildFile section */
		4C5299BD2BD2BDB400A20AEF /* Section.swift in Sources */ = {isa = PBXBuildFile; fileRef = 4C5299BC2BD2BDB400A20AEF /* Section.swift */; };
		4C5299BF2BD2BFCF00A20AEF /* TransactionListViewController.swift in Sources */ = {isa = PBXBuildFile; fileRef = 4C5299BE2BD2BFCF00A20AEF /* TransactionListViewController.swift */; };
		4C78F86B2BCB0E610060B472 /* AppDelegate.swift in Sources */ = {isa = PBXBuildFile; fileRef = 4C78F86A2BCB0E610060B472 /* AppDelegate.swift */; };
		4C78F86D2BCB0E610060B472 /* SceneDelegate.swift in Sources */ = {isa = PBXBuildFile; fileRef = 4C78F86C2BCB0E610060B472 /* SceneDelegate.swift */; };
		4C78F86F2BCB0E610060B472 /* ViewController.swift in Sources */ = {isa = PBXBuildFile; fileRef = 4C78F86E2BCB0E610060B472 /* ViewController.swift */; };
		4C78F8722BCB0E610060B472 /* Main.storyboard in Resources */ = {isa = PBXBuildFile; fileRef = 4C78F8702BCB0E610060B472 /* Main.storyboard */; };
		4C78F8742BCB0E630060B472 /* Assets.xcassets in Resources */ = {isa = PBXBuildFile; fileRef = 4C78F8732BCB0E630060B472 /* Assets.xcassets */; };
		4C78F8772BCB0E630060B472 /* LaunchScreen.storyboard in Resources */ = {isa = PBXBuildFile; fileRef = 4C78F8752BCB0E630060B472 /* LaunchScreen.storyboard */; };
		4C78F8812BCB18150060B472 /* Item.swift in Sources */ = {isa = PBXBuildFile; fileRef = 4C78F8802BCB18150060B472 /* Item.swift */; };
		4C78F8852BCB3D2E0060B472 /* Visuals.swift in Sources */ = {isa = PBXBuildFile; fileRef = 4C78F8842BCB3D2E0060B472 /* Visuals.swift */; };
		4C9B890E2BD2C52900F5A488 /* ItemTableViewCell.swift in Sources */ = {isa = PBXBuildFile; fileRef = 4C9B890D2BD2C52900F5A488 /* ItemTableViewCell.swift */; };
		4CA7EBDD2BD0815A00875D82 /* CategoryExpenseCell.swift in Sources */ = {isa = PBXBuildFile; fileRef = 4CA7EBDC2BD0815A00875D82 /* CategoryExpenseCell.swift */; };
/* End PBXBuildFile section */

/* Begin PBXFileReference section */
		4C5299BC2BD2BDB400A20AEF /* Section.swift */ = {isa = PBXFileReference; lastKnownFileType = sourcecode.swift; path = Section.swift; sourceTree = "<group>"; };
		4C5299BE2BD2BFCF00A20AEF /* TransactionListViewController.swift */ = {isa = PBXFileReference; lastKnownFileType = sourcecode.swift; path = TransactionListViewController.swift; sourceTree = "<group>"; };
		4C78F8672BCB0E610060B472 /* AtomicSpending.app */ = {isa = PBXFileReference; explicitFileType = wrapper.application; includeInIndex = 0; path = AtomicSpending.app; sourceTree = BUILT_PRODUCTS_DIR; };
		4C78F86A2BCB0E610060B472 /* AppDelegate.swift */ = {isa = PBXFileReference; lastKnownFileType = sourcecode.swift; path = AppDelegate.swift; sourceTree = "<group>"; };
		4C78F86C2BCB0E610060B472 /* SceneDelegate.swift */ = {isa = PBXFileReference; lastKnownFileType = sourcecode.swift; path = SceneDelegate.swift; sourceTree = "<group>"; };
		4C78F86E2BCB0E610060B472 /* ViewController.swift */ = {isa = PBXFileReference; lastKnownFileType = sourcecode.swift; path = ViewController.swift; sourceTree = "<group>"; };
		4C78F8712BCB0E610060B472 /* Base */ = {isa = PBXFileReference; lastKnownFileType = file.storyboard; name = Base; path = Base.lproj/Main.storyboard; sourceTree = "<group>"; };
		4C78F8732BCB0E630060B472 /* Assets.xcassets */ = {isa = PBXFileReference; lastKnownFileType = folder.assetcatalog; path = Assets.xcassets; sourceTree = "<group>"; };
		4C78F8762BCB0E630060B472 /* Base */ = {isa = PBXFileReference; lastKnownFileType = file.storyboard; name = Base; path = Base.lproj/LaunchScreen.storyboard; sourceTree = "<group>"; };
		4C78F8782BCB0E630060B472 /* Info.plist */ = {isa = PBXFileReference; lastKnownFileType = text.plist.xml; path = Info.plist; sourceTree = "<group>"; };
		4C78F8802BCB18150060B472 /* Item.swift */ = {isa = PBXFileReference; lastKnownFileType = sourcecode.swift; path = Item.swift; sourceTree = "<group>"; };
		4C78F8842BCB3D2E0060B472 /* Visuals.swift */ = {isa = PBXFileReference; lastKnownFileType = sourcecode.swift; path = Visuals.swift; sourceTree = "<group>"; };
		4C9B890D2BD2C52900F5A488 /* ItemTableViewCell.swift */ = {isa = PBXFileReference; lastKnownFileType = sourcecode.swift; path = ItemTableViewCell.swift; sourceTree = "<group>"; };
		4CA7EBDC2BD0815A00875D82 /* CategoryExpenseCell.swift */ = {isa = PBXFileReference; lastKnownFileType = sourcecode.swift; path = CategoryExpenseCell.swift; sourceTree = "<group>"; };
/* End PBXFileReference section */

/* Begin PBXFrameworksBuildPhase section */
		4C78F8642BCB0E610060B472 /* Frameworks */ = {
			isa = PBXFrameworksBuildPhase;
			buildActionMask = 2147483647;
			files = (
			);
			runOnlyForDeploymentPostprocessing = 0;
		};
/* End PBXFrameworksBuildPhase section */

/* Begin PBXGroup section */
		4C78F85E2BCB0E600060B472 = {
			isa = PBXGroup;
			children = (
				4C78F8692BCB0E610060B472 /* AtomicSpending */,
				4C78F8682BCB0E610060B472 /* Products */,
			);
			sourceTree = "<group>";
		};
		4C78F8682BCB0E610060B472 /* Products */ = {
			isa = PBXGroup;
			children = (
				4C78F8672BCB0E610060B472 /* AtomicSpending.app */,
			);
			name = Products;
			sourceTree = "<group>";
		};
		4C78F8692BCB0E610060B472 /* AtomicSpending */ = {
			isa = PBXGroup;
			children = (
				4C78F86A2BCB0E610060B472 /* AppDelegate.swift */,
				4C78F86C2BCB0E610060B472 /* SceneDelegate.swift */,
				4C78F86E2BCB0E610060B472 /* ViewController.swift */,
				4C5299BC2BD2BDB400A20AEF /* Section.swift */,
				4CA7EBDC2BD0815A00875D82 /* CategoryExpenseCell.swift */,
				4C78F8842BCB3D2E0060B472 /* Visuals.swift */,
				4C78F8802BCB18150060B472 /* Item.swift */,
				4C78F8702BCB0E610060B472 /* Main.storyboard */,
				4C78F8732BCB0E630060B472 /* Assets.xcassets */,
				4C78F8752BCB0E630060B472 /* LaunchScreen.storyboard */,
				4C5299BE2BD2BFCF00A20AEF /* TransactionListViewController.swift */,
				4C9B890D2BD2C52900F5A488 /* ItemTableViewCell.swift */,
				4C78F8782BCB0E630060B472 /* Info.plist */,
			);
			path = AtomicSpending;
			sourceTree = "<group>";
		};
/* End PBXGroup section */

/* Begin PBXNativeTarget section */
		4C78F8662BCB0E610060B472 /* AtomicSpending */ = {
			isa = PBXNativeTarget;
			buildConfigurationList = 4C78F87B2BCB0E630060B472 /* Build configuration list for PBXNativeTarget "AtomicSpending" */;
			buildPhases = (
				4C78F8632BCB0E610060B472 /* Sources */,
				4C78F8642BCB0E610060B472 /* Frameworks */,
				4C78F8652BCB0E610060B472 /* Resources */,
			);
			buildRules = (
			);
			dependencies = (
			);
			name = AtomicSpending;
			packageProductDependencies = (
			);
			productName = AtomicSpending;
			productReference = 4C78F8672BCB0E610060B472 /* AtomicSpending.app */;
			productType = "com.apple.product-type.application";
		};
/* End PBXNativeTarget section */

/* Begin PBXProject section */
		4C78F85F2BCB0E600060B472 /* Project object */ = {
			isa = PBXProject;
			attributes = {
				BuildIndependentTargetsInParallel = 1;
				LastSwiftUpdateCheck = 1500;
				LastUpgradeCheck = 1500;
				TargetAttributes = {
					4C78F8662BCB0E610060B472 = {
						CreatedOnToolsVersion = 15.0.1;
					};
				};
			};
			buildConfigurationList = 4C78F8622BCB0E600060B472 /* Build configuration list for PBXProject "AtomicSpending" */;
			compatibilityVersion = "Xcode 14.0";
			developmentRegion = en;
			hasScannedForEncodings = 0;
			knownRegions = (
				en,
				Base,
			);
			mainGroup = 4C78F85E2BCB0E600060B472;
			packageReferences = (
			);
			productRefGroup = 4C78F8682BCB0E610060B472 /* Products */;
			projectDirPath = "";
			projectRoot = "";
			targets = (
				4C78F8662BCB0E610060B472 /* AtomicSpending */,
			);
		};
/* End PBXProject section */

/* Begin PBXResourcesBuildPhase section */
		4C78F8652BCB0E610060B472 /* Resources */ = {
			isa = PBXResourcesBuildPhase;
			buildActionMask = 2147483647;
			files = (
				4C78F8772BCB0E630060B472 /* LaunchScreen.storyboard in Resources */,
				4C78F8742BCB0E630060B472 /* Assets.xcassets in Resources */,
				4C78F8722BCB0E610060B472 /* Main.storyboard in Resources */,
			);
			runOnlyForDeploymentPostprocessing = 0;
		};
/* End PBXResourcesBuildPhase section */

/* Begin PBXSourcesBuildPhase section */
		4C78F8632BCB0E610060B472 /* Sources */ = {
			isa = PBXSourcesBuildPhase;
			buildActionMask = 2147483647;
			files = (
				4CA7EBDD2BD0815A00875D82 /* CategoryExpenseCell.swift in Sources */,
				4C9B890E2BD2C52900F5A488 /* ItemTableViewCell.swift in Sources */,
				4C78F8812BCB18150060B472 /* Item.swift in Sources */,
				4C78F86F2BCB0E610060B472 /* ViewController.swift in Sources */,
				4C5299BD2BD2BDB400A20AEF /* Section.swift in Sources */,
				4C78F86B2BCB0E610060B472 /* AppDelegate.swift in Sources */,
				4C78F8852BCB3D2E0060B472 /* Visuals.swift in Sources */,
				4C78F86D2BCB0E610060B472 /* SceneDelegate.swift in Sources */,
				4C5299BF2BD2BFCF00A20AEF /* TransactionListViewController.swift in Sources */,
			);
			runOnlyForDeploymentPostprocessing = 0;
		};
/* End PBXSourcesBuildPhase section */

/* Begin PBXVariantGroup section */
		4C78F8702BCB0E610060B472 /* Main.storyboard */ = {
			isa = PBXVariantGroup;
			children = (
				4C78F8712BCB0E610060B472 /* Base */,
			);
			name = Main.storyboard;
			sourceTree = "<group>";
		};
		4C78F8752BCB0E630060B472 /* LaunchScreen.storyboard */ = {
			isa = PBXVariantGroup;
			children = (
				4C78F8762BCB0E630060B472 /* Base */,
			);
			name = LaunchScreen.storyboard;
			sourceTree = "<group>";
		};
/* End PBXVariantGroup section */

/* Begin XCBuildConfiguration section */
		4C78F8792BCB0E630060B472 /* Debug */ = {
			isa = XCBuildConfiguration;
			buildSettings = {
				ALWAYS_SEARCH_USER_PATHS = NO;
				ASSETCATALOG_COMPILER_GENERATE_SWIFT_ASSET_SYMBOL_EXTENSIONS = YES;
				CLANG_ANALYZER_NONNULL = YES;
				CLANG_ANALYZER_NUMBER_OBJECT_CONVERSION = YES_AGGRESSIVE;
				CLANG_CXX_LANGUAGE_STANDARD = "gnu++20";
				CLANG_ENABLE_MODULES = YES;
				CLANG_ENABLE_OBJC_ARC = YES;
				CLANG_ENABLE_OBJC_WEAK = YES;
				CLANG_WARN_BLOCK_CAPTURE_AUTORELEASING = YES;
				CLANG_WARN_BOOL_CONVERSION = YES;
				CLANG_WARN_COMMA = YES;
				CLANG_WARN_CONSTANT_CONVERSION = YES;
				CLANG_WARN_DEPRECATED_OBJC_IMPLEMENTATIONS = YES;
				CLANG_WARN_DIRECT_OBJC_ISA_USAGE = YES_ERROR;
				CLANG_WARN_DOCUMENTATION_COMMENTS = YES;
				CLANG_WARN_EMPTY_BODY = YES;
				CLANG_WARN_ENUM_CONVERSION = YES;
				CLANG_WARN_INFINITE_RECURSION = YES;
				CLANG_WARN_INT_CONVERSION = YES;
				CLANG_WARN_NON_LITERAL_NULL_CONVERSION = YES;
				CLANG_WARN_OBJC_IMPLICIT_RETAIN_SELF = YES;
				CLANG_WARN_OBJC_LITERAL_CONVERSION = YES;
				CLANG_WARN_OBJC_ROOT_CLASS = YES_ERROR;
				CLANG_WARN_QUOTED_INCLUDE_IN_FRAMEWORK_HEADER = YES;
				CLANG_WARN_RANGE_LOOP_ANALYSIS = YES;
				CLANG_WARN_STRICT_PROTOTYPES = YES;
				CLANG_WARN_SUSPICIOUS_MOVE = YES;
				CLANG_WARN_UNGUARDED_AVAILABILITY = YES_AGGRESSIVE;
				CLANG_WARN_UNREACHABLE_CODE = YES;
				CLANG_WARN__DUPLICATE_METHOD_MATCH = YES;
				COPY_PHASE_STRIP = NO;
				DEBUG_INFORMATION_FORMAT = dwarf;
				ENABLE_STRICT_OBJC_MSGSEND = YES;
				ENABLE_TESTABILITY = YES;
				ENABLE_USER_SCRIPT_SANDBOXING = YES;
				GCC_C_LANGUAGE_STANDARD = gnu17;
				GCC_DYNAMIC_NO_PIC = NO;
				GCC_NO_COMMON_BLOCKS = YES;
				GCC_OPTIMIZATION_LEVEL = 0;
				GCC_PREPROCESSOR_DEFINITIONS = (
					"DEBUG=1",
					"$(inherited)",
				);
				GCC_WARN_64_TO_32_BIT_CONVERSION = YES;
				GCC_WARN_ABOUT_RETURN_TYPE = YES_ERROR;
				GCC_WARN_UNDECLARED_SELECTOR = YES;
				GCC_WARN_UNINITIALIZED_AUTOS = YES_AGGRESSIVE;
				GCC_WARN_UNUSED_FUNCTION = YES;
				GCC_WARN_UNUSED_VARIABLE = YES;
				IPHONEOS_DEPLOYMENT_TARGET = 17.0;
				LOCALIZATION_PREFERS_STRING_CATALOGS = YES;
				MTL_ENABLE_DEBUG_INFO = INCLUDE_SOURCE;
				MTL_FAST_MATH = YES;
				ONLY_ACTIVE_ARCH = YES;
				SDKROOT = iphoneos;
				SWIFT_ACTIVE_COMPILATION_CONDITIONS = "DEBUG $(inherited)";
				SWIFT_OPTIMIZATION_LEVEL = "-Onone";
			};
			name = Debug;
		};
		4C78F87A2BCB0E630060B472 /* Release */ = {
			isa = XCBuildConfiguration;
			buildSettings = {
				ALWAYS_SEARCH_USER_PATHS = NO;
				ASSETCATALOG_COMPILER_GENERATE_SWIFT_ASSET_SYMBOL_EXTENSIONS = YES;
				CLANG_ANALYZER_NONNULL = YES;
				CLANG_ANALYZER_NUMBER_OBJECT_CONVERSION = YES_AGGRESSIVE;
				CLANG_CXX_LANGUAGE_STANDARD = "gnu++20";
				CLANG_ENABLE_MODULES = YES;
				CLANG_ENABLE_OBJC_ARC = YES;
				CLANG_ENABLE_OBJC_WEAK = YES;
				CLANG_WARN_BLOCK_CAPTURE_AUTORELEASING = YES;
				CLANG_WARN_BOOL_CONVERSION = YES;
				CLANG_WARN_COMMA = YES;
				CLANG_WARN_CONSTANT_CONVERSION = YES;
				CLANG_WARN_DEPRECATED_OBJC_IMPLEMENTATIONS = YES;
				CLANG_WARN_DIRECT_OBJC_ISA_USAGE = YES_ERROR;
				CLANG_WARN_DOCUMENTATION_COMMENTS = YES;
				CLANG_WARN_EMPTY_BODY = YES;
				CLANG_WARN_ENUM_CONVERSION = YES;
				CLANG_WARN_INFINITE_RECURSION = YES;
				CLANG_WARN_INT_CONVERSION = YES;
				CLANG_WARN_NON_LITERAL_NULL_CONVERSION = YES;
				CLANG_WARN_OBJC_IMPLICIT_RETAIN_SELF = YES;
				CLANG_WARN_OBJC_LITERAL_CONVERSION = YES;
				CLANG_WARN_OBJC_ROOT_CLASS = YES_ERROR;
				CLANG_WARN_QUOTED_INCLUDE_IN_FRAMEWORK_HEADER = YES;
				CLANG_WARN_RANGE_LOOP_ANALYSIS = YES;
				CLANG_WARN_STRICT_PROTOTYPES = YES;
				CLANG_WARN_SUSPICIOUS_MOVE = YES;
				CLANG_WARN_UNGUARDED_AVAILABILITY = YES_AGGRESSIVE;
				CLANG_WARN_UNREACHABLE_CODE = YES;
				CLANG_WARN__DUPLICATE_METHOD_MATCH = YES;
				COPY_PHASE_STRIP = NO;
				DEBUG_INFORMATION_FORMAT = "dwarf-with-dsym";
				ENABLE_NS_ASSERTIONS = NO;
				ENABLE_STRICT_OBJC_MSGSEND = YES;
				ENABLE_USER_SCRIPT_SANDBOXING = YES;
				GCC_C_LANGUAGE_STANDARD = gnu17;
				GCC_NO_COMMON_BLOCKS = YES;
				GCC_WARN_64_TO_32_BIT_CONVERSION = YES;
				GCC_WARN_ABOUT_RETURN_TYPE = YES_ERROR;
				GCC_WARN_UNDECLARED_SELECTOR = YES;
				GCC_WARN_UNINITIALIZED_AUTOS = YES_AGGRESSIVE;
				GCC_WARN_UNUSED_FUNCTION = YES;
				GCC_WARN_UNUSED_VARIABLE = YES;
				IPHONEOS_DEPLOYMENT_TARGET = 17.0;
				LOCALIZATION_PREFERS_STRING_CATALOGS = YES;
				MTL_ENABLE_DEBUG_INFO = NO;
				MTL_FAST_MATH = YES;
				SDKROOT = iphoneos;
				SWIFT_COMPILATION_MODE = wholemodule;
				VALIDATE_PRODUCT = YES;
			};
			name = Release;
		};
		4C78F87C2BCB0E630060B472 /* Debug */ = {
			isa = XCBuildConfiguration;
			buildSettings = {
				ASSETCATALOG_COMPILER_APPICON_NAME = AppIcon;
				ASSETCATALOG_COMPILER_GLOBAL_ACCENT_COLOR_NAME = AccentColor;
				CODE_SIGN_STYLE = Automatic;
				CURRENT_PROJECT_VERSION = 1;
				GENERATE_INFOPLIST_FILE = YES;
				INFOPLIST_FILE = AtomicSpending/Info.plist;
				INFOPLIST_KEY_UIApplicationSupportsIndirectInputEvents = YES;
				INFOPLIST_KEY_UILaunchStoryboardName = LaunchScreen;
				INFOPLIST_KEY_UIMainStoryboardFile = Main;
				INFOPLIST_KEY_UISupportedInterfaceOrientations_iPad = "UIInterfaceOrientationPortrait UIInterfaceOrientationPortraitUpsideDown UIInterfaceOrientationLandscapeLeft UIInterfaceOrientationLandscapeRight";
				INFOPLIST_KEY_UISupportedInterfaceOrientations_iPhone = "UIInterfaceOrientationPortrait UIInterfaceOrientationLandscapeLeft UIInterfaceOrientationLandscapeRight";
				LD_RUNPATH_SEARCH_PATHS = (
					"$(inherited)",
					"@executable_path/Frameworks",
				);
				MARKETING_VERSION = 1.0;
				PRODUCT_BUNDLE_IDENTIFIER = com.henryliu.AtomicSpending;
				PRODUCT_NAME = "$(TARGET_NAME)";
				SWIFT_EMIT_LOC_STRINGS = YES;
				SWIFT_VERSION = 5.0;
				TARGETED_DEVICE_FAMILY = "1,2";
			};
			name = Debug;
		};
		4C78F87D2BCB0E630060B472 /* Release */ = {
			isa = XCBuildConfiguration;
			buildSettings = {
				ASSETCATALOG_COMPILER_APPICON_NAME = AppIcon;
				ASSETCATALOG_COMPILER_GLOBAL_ACCENT_COLOR_NAME = AccentColor;
				CODE_SIGN_STYLE = Automatic;
				CURRENT_PROJECT_VERSION = 1;
				GENERATE_INFOPLIST_FILE = YES;
				INFOPLIST_FILE = AtomicSpending/Info.plist;
				INFOPLIST_KEY_UIApplicationSupportsIndirectInputEvents = YES;
				INFOPLIST_KEY_UILaunchStoryboardName = LaunchScreen;
				INFOPLIST_KEY_UIMainStoryboardFile = Main;
				INFOPLIST_KEY_UISupportedInterfaceOrientations_iPad = "UIInterfaceOrientationPortrait UIInterfaceOrientationPortraitUpsideDown UIInterfaceOrientationLandscapeLeft UIInterfaceOrientationLandscapeRight";
				INFOPLIST_KEY_UISupportedInterfaceOrientations_iPhone = "UIInterfaceOrientationPortrait UIInterfaceOrientationLandscapeLeft UIInterfaceOrientationLandscapeRight";
				LD_RUNPATH_SEARCH_PATHS = (
					"$(inherited)",
					"@executable_path/Frameworks",
				);
				MARKETING_VERSION = 1.0;
				PRODUCT_BUNDLE_IDENTIFIER = com.henryliu.AtomicSpending;
				PRODUCT_NAME = "$(TARGET_NAME)";
				SWIFT_EMIT_LOC_STRINGS = YES;
				SWIFT_VERSION = 5.0;
				TARGETED_DEVICE_FAMILY = "1,2";
			};
			name = Release;
		};
/* End XCBuildConfiguration section */

/* Begin XCConfigurationList section */
		4C78F8622BCB0E600060B472 /* Build configuration list for PBXProject "AtomicSpending" */ = {
			isa = XCConfigurationList;
			buildConfigurations = (
				4C78F8792BCB0E630060B472 /* Debug */,
				4C78F87A2BCB0E630060B472 /* Release */,
			);
			defaultConfigurationIsVisible = 0;
			defaultConfigurationName = Release;
		};
		4C78F87B2BCB0E630060B472 /* Build configuration list for PBXNativeTarget "AtomicSpending" */ = {
			isa = XCConfigurationList;
			buildConfigurations = (
				4C78F87C2BCB0E630060B472 /* Debug */,
				4C78F87D2BCB0E630060B472 /* Release */,
			);
			defaultConfigurationIsVisible = 0;
			defaultConfigurationName = Release;
		};
/* End XCConfigurationList section */
	};
	rootObject = 4C78F85F2BCB0E600060B472 /* Project object */;
}
